// !$*UTF8*$!
{
	archiveVersion = 1;
	classes = {
	};
	objectVersion = 56;
	objects = {

/* Begin PBXBuildFile section */
		1F345FA22B1E27250027A891 /* LaunchScreen.storyboard in Resources */ = {isa = PBXBuildFile; fileRef = 1F345FA02B1E27250027A891 /* LaunchScreen.storyboard */; };
		1F345FD12B1E28D40027A891 /* art.scnassets in Resources */ = {isa = PBXBuildFile; fileRef = 1F345FD02B1E28D40027A891 /* art.scnassets */; };
		1FF6987B2B3B030B007ED8E2 /* AppDelegate.swift in Sources */ = {isa = PBXBuildFile; fileRef = 1FF698722B3B030A007ED8E2 /* AppDelegate.swift */; };
		1FF6987C2B3B030B007ED8E2 /* NSMutableAttributedString.swift in Sources */ = {isa = PBXBuildFile; fileRef = 1FF698742B3B030A007ED8E2 /* NSMutableAttributedString.swift */; };
		1FF6987D2B3B030B007ED8E2 /* Extention+ViewController.swift in Sources */ = {isa = PBXBuildFile; fileRef = 1FF698752B3B030A007ED8E2 /* Extention+ViewController.swift */; };
		1FF6987E2B3B030B007ED8E2 /* ScreenNode.swift in Sources */ = {isa = PBXBuildFile; fileRef = 1FF698782B3B030A007ED8E2 /* ScreenNode.swift */; };
		1FF6987F2B3B030B007ED8E2 /* Constants.swift in Sources */ = {isa = PBXBuildFile; fileRef = 1FF6987A2B3B030A007ED8E2 /* Constants.swift */; };
		1FF698822B3B0312007ED8E2 /* VideoNodeManager.swift in Sources */ = {isa = PBXBuildFile; fileRef = 1FF698812B3B0312007ED8E2 /* VideoNodeManager.swift */; };
		1FF6988A2B3B0318007ED8E2 /* ARSceneViewController.storyboard in Resources */ = {isa = PBXBuildFile; fileRef = 1FF698852B3B0318007ED8E2 /* ARSceneViewController.storyboard */; };
		1FF6988B2B3B0318007ED8E2 /* ARSceneViewController.swift in Sources */ = {isa = PBXBuildFile; fileRef = 1FF698862B3B0318007ED8E2 /* ARSceneViewController.swift */; };
		1FF6988C2B3B0318007ED8E2 /* RootViewController.swift in Sources */ = {isa = PBXBuildFile; fileRef = 1FF698882B3B0318007ED8E2 /* RootViewController.swift */; };
		1FF6988D2B3B0318007ED8E2 /* RootViewController.storyboard in Resources */ = {isa = PBXBuildFile; fileRef = 1FF698892B3B0318007ED8E2 /* RootViewController.storyboard */; };
		1FF698902B3B032A007ED8E2 /* Assets.xcassets in Resources */ = {isa = PBXBuildFile; fileRef = 1FF6988F2B3B032A007ED8E2 /* Assets.xcassets */; };
		1FF698932B3B0332007ED8E2 /* Colors.xcassets in Resources */ = {isa = PBXBuildFile; fileRef = 1FF698922B3B0332007ED8E2 /* Colors.xcassets */; };
		1FF698B62B3B0340007ED8E2 /* Localizable.strings in Resources */ = {isa = PBXBuildFile; fileRef = 1FF698952B3B033F007ED8E2 /* Localizable.strings */; };
		1FF698B72B3B0340007ED8E2 /* VIDEO12.mp4 in Resources */ = {isa = PBXBuildFile; fileRef = 1FF698982B3B0340007ED8E2 /* VIDEO12.mp4 */; };
		1FF698B82B3B0340007ED8E2 /* VIDEO13.mp4 in Resources */ = {isa = PBXBuildFile; fileRef = 1FF698992B3B0340007ED8E2 /* VIDEO13.mp4 */; };
		1FF698B92B3B0340007ED8E2 /* VIDEO11.mp4 in Resources */ = {isa = PBXBuildFile; fileRef = 1FF6989A2B3B0340007ED8E2 /* VIDEO11.mp4 */; };
		1FF698BA2B3B0340007ED8E2 /* VIDEO10.mp4 in Resources */ = {isa = PBXBuildFile; fileRef = 1FF6989B2B3B0340007ED8E2 /* VIDEO10.mp4 */; };
		1FF698BB2B3B0340007ED8E2 /* VIDEO28.mp4 in Resources */ = {isa = PBXBuildFile; fileRef = 1FF6989C2B3B0340007ED8E2 /* VIDEO28.mp4 */; };
		1FF698BC2B3B0340007ED8E2 /* VIDEO14.mp4 in Resources */ = {isa = PBXBuildFile; fileRef = 1FF6989D2B3B0340007ED8E2 /* VIDEO14.mp4 */; };
		1FF698BD2B3B0340007ED8E2 /* VIDEO15.mp4 in Resources */ = {isa = PBXBuildFile; fileRef = 1FF6989E2B3B0340007ED8E2 /* VIDEO15.mp4 */; };
		1FF698BE2B3B0340007ED8E2 /* VIDEO29.mp4 in Resources */ = {isa = PBXBuildFile; fileRef = 1FF6989F2B3B0340007ED8E2 /* VIDEO29.mp4 */; };
		1FF698BF2B3B0340007ED8E2 /* VIDEO17.mp4 in Resources */ = {isa = PBXBuildFile; fileRef = 1FF698A02B3B0340007ED8E2 /* VIDEO17.mp4 */; };
		1FF698C02B3B0340007ED8E2 /* VIDEO16.mp4 in Resources */ = {isa = PBXBuildFile; fileRef = 1FF698A12B3B0340007ED8E2 /* VIDEO16.mp4 */; };
		1FF698C12B3B0340007ED8E2 /* VIDEO6.mp4 in Resources */ = {isa = PBXBuildFile; fileRef = 1FF698A22B3B0340007ED8E2 /* VIDEO6.mp4 */; };
		1FF698C22B3B0340007ED8E2 /* VIDEO7.mp4 in Resources */ = {isa = PBXBuildFile; fileRef = 1FF698A32B3B0340007ED8E2 /* VIDEO7.mp4 */; };
		1FF698C32B3B0340007ED8E2 /* VIDEO5.mp4 in Resources */ = {isa = PBXBuildFile; fileRef = 1FF698A42B3B0340007ED8E2 /* VIDEO5.mp4 */; };
		1FF698C42B3B0340007ED8E2 /* VIDEO4.mp4 in Resources */ = {isa = PBXBuildFile; fileRef = 1FF698A52B3B0340007ED8E2 /* VIDEO4.mp4 */; };
		1FF698C52B3B0340007ED8E2 /* VIDEO0.mp4 in Resources */ = {isa = PBXBuildFile; fileRef = 1FF698A62B3B0340007ED8E2 /* VIDEO0.mp4 */; };
		1FF698C62B3B0340007ED8E2 /* VIDEO1.mp4 in Resources */ = {isa = PBXBuildFile; fileRef = 1FF698A72B3B0340007ED8E2 /* VIDEO1.mp4 */; };
		1FF698C72B3B0340007ED8E2 /* VIDEO3.mp4 in Resources */ = {isa = PBXBuildFile; fileRef = 1FF698A82B3B0340007ED8E2 /* VIDEO3.mp4 */; };
		1FF698C82B3B0340007ED8E2 /* VIDEO2.mp4 in Resources */ = {isa = PBXBuildFile; fileRef = 1FF698A92B3B0340007ED8E2 /* VIDEO2.mp4 */; };
		1FF698C92B3B0340007ED8E2 /* VIDEO9.mp4 in Resources */ = {isa = PBXBuildFile; fileRef = 1FF698AA2B3B0340007ED8E2 /* VIDEO9.mp4 */; };
		1FF698CA2B3B0340007ED8E2 /* VIDEO8.mp4 in Resources */ = {isa = PBXBuildFile; fileRef = 1FF698AB2B3B0340007ED8E2 /* VIDEO8.mp4 */; };
		1FF698CB2B3B0340007ED8E2 /* VIDEO27.mp4 in Resources */ = {isa = PBXBuildFile; fileRef = 1FF698AC2B3B0340007ED8E2 /* VIDEO27.mp4 */; };
		1FF698CC2B3B0340007ED8E2 /* VIDEO26.mp4 in Resources */ = {isa = PBXBuildFile; fileRef = 1FF698AD2B3B0340007ED8E2 /* VIDEO26.mp4 */; };
		1FF698CD2B3B0340007ED8E2 /* VIDEO24.mp4 in Resources */ = {isa = PBXBuildFile; fileRef = 1FF698AE2B3B0340007ED8E2 /* VIDEO24.mp4 */; };
		1FF698CE2B3B0340007ED8E2 /* VIDEO30.mp4 in Resources */ = {isa = PBXBuildFile; fileRef = 1FF698AF2B3B0340007ED8E2 /* VIDEO30.mp4 */; };
		1FF698CF2B3B0340007ED8E2 /* VIDEO19.mp4 in Resources */ = {isa = PBXBuildFile; fileRef = 1FF698B02B3B0340007ED8E2 /* VIDEO19.mp4 */; };
		1FF698D02B3B0340007ED8E2 /* VIDEO25.mp4 in Resources */ = {isa = PBXBuildFile; fileRef = 1FF698B12B3B0340007ED8E2 /* VIDEO25.mp4 */; };
		1FF698D12B3B0340007ED8E2 /* VIDEO21.mp4 in Resources */ = {isa = PBXBuildFile; fileRef = 1FF698B22B3B0340007ED8E2 /* VIDEO21.mp4 */; };
		1FF698D22B3B0340007ED8E2 /* VIDEO20.mp4 in Resources */ = {isa = PBXBuildFile; fileRef = 1FF698B32B3B0340007ED8E2 /* VIDEO20.mp4 */; };
		1FF698D32B3B0340007ED8E2 /* VIDEO22.mp4 in Resources */ = {isa = PBXBuildFile; fileRef = 1FF698B42B3B0340007ED8E2 /* VIDEO22.mp4 */; };
		1FF698D42B3B0340007ED8E2 /* VIDEO23.MP4 in Resources */ = {isa = PBXBuildFile; fileRef = 1FF698B52B3B0340007ED8E2 /* VIDEO23.MP4 */; };
/* End PBXBuildFile section */

/* Begin PBXFileReference section */
		1F345F922B1E27230027A891 /* LampaFridge.app */ = {isa = PBXFileReference; explicitFileType = wrapper.application; includeInIndex = 0; path = LampaFridge.app; sourceTree = BUILT_PRODUCTS_DIR; };
		1F345FA12B1E27250027A891 /* Base */ = {isa = PBXFileReference; lastKnownFileType = file.storyboard; name = Base; path = Base.lproj/LaunchScreen.storyboard; sourceTree = "<group>"; };
		1F345FA32B1E27250027A891 /* Info.plist */ = {isa = PBXFileReference; lastKnownFileType = text.plist.xml; path = Info.plist; sourceTree = "<group>"; };
		1F345FD02B1E28D40027A891 /* art.scnassets */ = {isa = PBXFileReference; lastKnownFileType = wrapper.scnassets; path = art.scnassets; sourceTree = "<group>"; };
		1FF698722B3B030A007ED8E2 /* AppDelegate.swift */ = {isa = PBXFileReference; fileEncoding = 4; lastKnownFileType = sourcecode.swift; path = AppDelegate.swift; sourceTree = "<group>"; };
		1FF698742B3B030A007ED8E2 /* NSMutableAttributedString.swift */ = {isa = PBXFileReference; fileEncoding = 4; lastKnownFileType = sourcecode.swift; path = NSMutableAttributedString.swift; sourceTree = "<group>"; };
		1FF698752B3B030A007ED8E2 /* Extention+ViewController.swift */ = {isa = PBXFileReference; fileEncoding = 4; lastKnownFileType = sourcecode.swift; path = "Extention+ViewController.swift"; sourceTree = "<group>"; };
		1FF698782B3B030A007ED8E2 /* ScreenNode.swift */ = {isa = PBXFileReference; fileEncoding = 4; lastKnownFileType = sourcecode.swift; path = ScreenNode.swift; sourceTree = "<group>"; };
		1FF6987A2B3B030A007ED8E2 /* Constants.swift */ = {isa = PBXFileReference; fileEncoding = 4; lastKnownFileType = sourcecode.swift; path = Constants.swift; sourceTree = "<group>"; };
		1FF698812B3B0312007ED8E2 /* VideoNodeManager.swift */ = {isa = PBXFileReference; fileEncoding = 4; lastKnownFileType = sourcecode.swift; path = VideoNodeManager.swift; sourceTree = "<group>"; };
		1FF698852B3B0318007ED8E2 /* ARSceneViewController.storyboard */ = {isa = PBXFileReference; fileEncoding = 4; lastKnownFileType = file.storyboard; path = ARSceneViewController.storyboard; sourceTree = "<group>"; };
		1FF698862B3B0318007ED8E2 /* ARSceneViewController.swift */ = {isa = PBXFileReference; fileEncoding = 4; lastKnownFileType = sourcecode.swift; path = ARSceneViewController.swift; sourceTree = "<group>"; };
		1FF698882B3B0318007ED8E2 /* RootViewController.swift */ = {isa = PBXFileReference; fileEncoding = 4; lastKnownFileType = sourcecode.swift; path = RootViewController.swift; sourceTree = "<group>"; };
		1FF698892B3B0318007ED8E2 /* RootViewController.storyboard */ = {isa = PBXFileReference; fileEncoding = 4; lastKnownFileType = file.storyboard; path = RootViewController.storyboard; sourceTree = "<group>"; };
		1FF6988F2B3B032A007ED8E2 /* Assets.xcassets */ = {isa = PBXFileReference; lastKnownFileType = folder.assetcatalog; path = Assets.xcassets; sourceTree = "<group>"; };
		1FF698922B3B0332007ED8E2 /* Colors.xcassets */ = {isa = PBXFileReference; lastKnownFileType = folder.assetcatalog; path = Colors.xcassets; sourceTree = "<group>"; };
		1FF698962B3B033F007ED8E2 /* en */ = {isa = PBXFileReference; lastKnownFileType = text.plist.strings; name = en; path = en.lproj/Localizable.strings; sourceTree = "<group>"; };
		1FF698982B3B0340007ED8E2 /* VIDEO12.mp4 */ = {isa = PBXFileReference; lastKnownFileType = file; path = VIDEO12.mp4; sourceTree = "<group>"; };
		1FF698992B3B0340007ED8E2 /* VIDEO13.mp4 */ = {isa = PBXFileReference; lastKnownFileType = file; path = VIDEO13.mp4; sourceTree = "<group>"; };
		1FF6989A2B3B0340007ED8E2 /* VIDEO11.mp4 */ = {isa = PBXFileReference; lastKnownFileType = file; path = VIDEO11.mp4; sourceTree = "<group>"; };
		1FF6989B2B3B0340007ED8E2 /* VIDEO10.mp4 */ = {isa = PBXFileReference; lastKnownFileType = file; path = VIDEO10.mp4; sourceTree = "<group>"; };
		1FF6989C2B3B0340007ED8E2 /* VIDEO28.mp4 */ = {isa = PBXFileReference; lastKnownFileType = file; path = VIDEO28.mp4; sourceTree = "<group>"; };
		1FF6989D2B3B0340007ED8E2 /* VIDEO14.mp4 */ = {isa = PBXFileReference; lastKnownFileType = file; path = VIDEO14.mp4; sourceTree = "<group>"; };
		1FF6989E2B3B0340007ED8E2 /* VIDEO15.mp4 */ = {isa = PBXFileReference; lastKnownFileType = file; path = VIDEO15.mp4; sourceTree = "<group>"; };
		1FF6989F2B3B0340007ED8E2 /* VIDEO29.mp4 */ = {isa = PBXFileReference; lastKnownFileType = file; path = VIDEO29.mp4; sourceTree = "<group>"; };
		1FF698A02B3B0340007ED8E2 /* VIDEO17.mp4 */ = {isa = PBXFileReference; lastKnownFileType = file; path = VIDEO17.mp4; sourceTree = "<group>"; };
		1FF698A12B3B0340007ED8E2 /* VIDEO16.mp4 */ = {isa = PBXFileReference; lastKnownFileType = file; path = VIDEO16.mp4; sourceTree = "<group>"; };
		1FF698A22B3B0340007ED8E2 /* VIDEO6.mp4 */ = {isa = PBXFileReference; lastKnownFileType = file; path = VIDEO6.mp4; sourceTree = "<group>"; };
		1FF698A32B3B0340007ED8E2 /* VIDEO7.mp4 */ = {isa = PBXFileReference; lastKnownFileType = file; path = VIDEO7.mp4; sourceTree = "<group>"; };
		1FF698A42B3B0340007ED8E2 /* VIDEO5.mp4 */ = {isa = PBXFileReference; lastKnownFileType = file; path = VIDEO5.mp4; sourceTree = "<group>"; };
		1FF698A52B3B0340007ED8E2 /* VIDEO4.mp4 */ = {isa = PBXFileReference; lastKnownFileType = file; path = VIDEO4.mp4; sourceTree = "<group>"; };
		1FF698A62B3B0340007ED8E2 /* VIDEO0.mp4 */ = {isa = PBXFileReference; lastKnownFileType = file; path = VIDEO0.mp4; sourceTree = "<group>"; };
		1FF698A72B3B0340007ED8E2 /* VIDEO1.mp4 */ = {isa = PBXFileReference; lastKnownFileType = file; path = VIDEO1.mp4; sourceTree = "<group>"; };
		1FF698A82B3B0340007ED8E2 /* VIDEO3.mp4 */ = {isa = PBXFileReference; lastKnownFileType = file; path = VIDEO3.mp4; sourceTree = "<group>"; };
		1FF698A92B3B0340007ED8E2 /* VIDEO2.mp4 */ = {isa = PBXFileReference; lastKnownFileType = file; path = VIDEO2.mp4; sourceTree = "<group>"; };
		1FF698AA2B3B0340007ED8E2 /* VIDEO9.mp4 */ = {isa = PBXFileReference; lastKnownFileType = file; path = VIDEO9.mp4; sourceTree = "<group>"; };
		1FF698AB2B3B0340007ED8E2 /* VIDEO8.mp4 */ = {isa = PBXFileReference; lastKnownFileType = file; path = VIDEO8.mp4; sourceTree = "<group>"; };
		1FF698AC2B3B0340007ED8E2 /* VIDEO27.mp4 */ = {isa = PBXFileReference; lastKnownFileType = file; path = VIDEO27.mp4; sourceTree = "<group>"; };
		1FF698AD2B3B0340007ED8E2 /* VIDEO26.mp4 */ = {isa = PBXFileReference; lastKnownFileType = file; path = VIDEO26.mp4; sourceTree = "<group>"; };
		1FF698AE2B3B0340007ED8E2 /* VIDEO24.mp4 */ = {isa = PBXFileReference; lastKnownFileType = file; path = VIDEO24.mp4; sourceTree = "<group>"; };
		1FF698AF2B3B0340007ED8E2 /* VIDEO30.mp4 */ = {isa = PBXFileReference; lastKnownFileType = file; path = VIDEO30.mp4; sourceTree = "<group>"; };
		1FF698B02B3B0340007ED8E2 /* VIDEO19.mp4 */ = {isa = PBXFileReference; lastKnownFileType = file; path = VIDEO19.mp4; sourceTree = "<group>"; };
		1FF698B12B3B0340007ED8E2 /* VIDEO25.mp4 */ = {isa = PBXFileReference; lastKnownFileType = file; path = VIDEO25.mp4; sourceTree = "<group>"; };
		1FF698B22B3B0340007ED8E2 /* VIDEO21.mp4 */ = {isa = PBXFileReference; lastKnownFileType = file; path = VIDEO21.mp4; sourceTree = "<group>"; };
		1FF698B32B3B0340007ED8E2 /* VIDEO20.mp4 */ = {isa = PBXFileReference; lastKnownFileType = file; path = VIDEO20.mp4; sourceTree = "<group>"; };
		1FF698B42B3B0340007ED8E2 /* VIDEO22.mp4 */ = {isa = PBXFileReference; lastKnownFileType = file; path = VIDEO22.mp4; sourceTree = "<group>"; };
		1FF698B52B3B0340007ED8E2 /* VIDEO23.MP4 */ = {isa = PBXFileReference; lastKnownFileType = file; path = VIDEO23.MP4; sourceTree = "<group>"; };
/* End PBXFileReference section */

/* Begin PBXFrameworksBuildPhase section */
		1F345F8F2B1E27230027A891 /* Frameworks */ = {
			isa = PBXFrameworksBuildPhase;
			buildActionMask = 2147483647;
			files = (
			);
			runOnlyForDeploymentPostprocessing = 0;
		};
/* End PBXFrameworksBuildPhase section */

/* Begin PBXGroup section */
		1F345F892B1E27230027A891 = {
			isa = PBXGroup;
			children = (
				1F345F942B1E27230027A891 /* LampaFridge */,
				1F345F932B1E27230027A891 /* Products */,
			);
			sourceTree = "<group>";
		};
		1F345F932B1E27230027A891 /* Products */ = {
			isa = PBXGroup;
			children = (
				1F345F922B1E27230027A891 /* LampaFridge.app */,
			);
			name = Products;
			sourceTree = "<group>";
		};
		1F345F942B1E27230027A891 /* LampaFridge */ = {
			isa = PBXGroup;
			children = (
				1FF698712B3B030A007ED8E2 /* AppDelegate */,
				1FF698732B3B030A007ED8E2 /* Extention */,
				1FF698762B3B030A007ED8E2 /* Helpers */,
				1FF698802B3B0312007ED8E2 /* Managers */,
				1FF698832B3B0318007ED8E2 /* UI */,
				1F345FAC2B1E282A0027A891 /* Resources */,
			);
			path = LampaFridge;
			sourceTree = "<group>";
		};
		1F345FAC2B1E282A0027A891 /* Resources */ = {
			isa = PBXGroup;
			children = (
				1FF6988E2B3B032A007ED8E2 /* Assets */,
				1FF698912B3B0332007ED8E2 /* Colors */,
				1FF698942B3B033F007ED8E2 /* Strings */,
				1FF698972B3B0340007ED8E2 /* Video */,
				1F345FD02B1E28D40027A891 /* art.scnassets */,
				1F345FA32B1E27250027A891 /* Info.plist */,
				1F345FA02B1E27250027A891 /* LaunchScreen.storyboard */,
			);
			path = Resources;
			sourceTree = "<group>";
		};
		1FF698712B3B030A007ED8E2 /* AppDelegate */ = {
			isa = PBXGroup;
			children = (
				1FF698722B3B030A007ED8E2 /* AppDelegate.swift */,
			);
			path = AppDelegate;
			sourceTree = "<group>";
		};
		1FF698732B3B030A007ED8E2 /* Extention */ = {
			isa = PBXGroup;
			children = (
				1FF698742B3B030A007ED8E2 /* NSMutableAttributedString.swift */,
				1FF698752B3B030A007ED8E2 /* Extention+ViewController.swift */,
			);
			path = Extention;
			sourceTree = "<group>";
		};
		1FF698762B3B030A007ED8E2 /* Helpers */ = {
			isa = PBXGroup;
			children = (
				1FF698772B3B030A007ED8E2 /* ScreenNode */,
				1FF698792B3B030A007ED8E2 /* Constants */,
			);
			path = Helpers;
			sourceTree = "<group>";
		};
		1FF698772B3B030A007ED8E2 /* ScreenNode */ = {
			isa = PBXGroup;
			children = (
				1FF698782B3B030A007ED8E2 /* ScreenNode.swift */,
			);
			path = ScreenNode;
			sourceTree = "<group>";
		};
		1FF698792B3B030A007ED8E2 /* Constants */ = {
			isa = PBXGroup;
			children = (
				1FF6987A2B3B030A007ED8E2 /* Constants.swift */,
			);
			path = Constants;
			sourceTree = "<group>";
		};
		1FF698802B3B0312007ED8E2 /* Managers */ = {
			isa = PBXGroup;
			children = (
				1FF698812B3B0312007ED8E2 /* VideoNodeManager.swift */,
			);
			path = Managers;
			sourceTree = "<group>";
		};
		1FF698832B3B0318007ED8E2 /* UI */ = {
			isa = PBXGroup;
			children = (
				1FF698842B3B0318007ED8E2 /* ARSCNView */,
				1FF698872B3B0318007ED8E2 /* RootView */,
			);
			path = UI;
			sourceTree = "<group>";
		};
		1FF698842B3B0318007ED8E2 /* ARSCNView */ = {
			isa = PBXGroup;
			children = (
				1FF698852B3B0318007ED8E2 /* ARSceneViewController.storyboard */,
				1FF698862B3B0318007ED8E2 /* ARSceneViewController.swift */,
			);
			path = ARSCNView;
			sourceTree = "<group>";
		};
		1FF698872B3B0318007ED8E2 /* RootView */ = {
			isa = PBXGroup;
			children = (
				1FF698882B3B0318007ED8E2 /* RootViewController.swift */,
				1FF698892B3B0318007ED8E2 /* RootViewController.storyboard */,
			);
			path = RootView;
			sourceTree = "<group>";
		};
		1FF6988E2B3B032A007ED8E2 /* Assets */ = {
			isa = PBXGroup;
			children = (
				1FF6988F2B3B032A007ED8E2 /* Assets.xcassets */,
			);
			path = Assets;
			sourceTree = "<group>";
		};
		1FF698912B3B0332007ED8E2 /* Colors */ = {
			isa = PBXGroup;
			children = (
				1FF698922B3B0332007ED8E2 /* Colors.xcassets */,
			);
			path = Colors;
			sourceTree = "<group>";
		};
		1FF698942B3B033F007ED8E2 /* Strings */ = {
			isa = PBXGroup;
			children = (
				1FF698952B3B033F007ED8E2 /* Localizable.strings */,
			);
			name = Strings;
			path = "../../../../../Downloads/LampaFridge-main/LampaFridge/Resources/Strings";
			sourceTree = "<group>";
		};
		1FF698972B3B0340007ED8E2 /* Video */ = {
			isa = PBXGroup;
			children = (
				1FF698982B3B0340007ED8E2 /* VIDEO12.mp4 */,
				1FF698992B3B0340007ED8E2 /* VIDEO13.mp4 */,
				1FF6989A2B3B0340007ED8E2 /* VIDEO11.mp4 */,
				1FF6989B2B3B0340007ED8E2 /* VIDEO10.mp4 */,
				1FF6989C2B3B0340007ED8E2 /* VIDEO28.mp4 */,
				1FF6989D2B3B0340007ED8E2 /* VIDEO14.mp4 */,
				1FF6989E2B3B0340007ED8E2 /* VIDEO15.mp4 */,
				1FF6989F2B3B0340007ED8E2 /* VIDEO29.mp4 */,
				1FF698A02B3B0340007ED8E2 /* VIDEO17.mp4 */,
				1FF698A12B3B0340007ED8E2 /* VIDEO16.mp4 */,
				1FF698A22B3B0340007ED8E2 /* VIDEO6.mp4 */,
				1FF698A32B3B0340007ED8E2 /* VIDEO7.mp4 */,
				1FF698A42B3B0340007ED8E2 /* VIDEO5.mp4 */,
				1FF698A52B3B0340007ED8E2 /* VIDEO4.mp4 */,
				1FF698A62B3B0340007ED8E2 /* VIDEO0.mp4 */,
				1FF698A72B3B0340007ED8E2 /* VIDEO1.mp4 */,
				1FF698A82B3B0340007ED8E2 /* VIDEO3.mp4 */,
				1FF698A92B3B0340007ED8E2 /* VIDEO2.mp4 */,
				1FF698AA2B3B0340007ED8E2 /* VIDEO9.mp4 */,
				1FF698AB2B3B0340007ED8E2 /* VIDEO8.mp4 */,
				1FF698AC2B3B0340007ED8E2 /* VIDEO27.mp4 */,
				1FF698AD2B3B0340007ED8E2 /* VIDEO26.mp4 */,
				1FF698AE2B3B0340007ED8E2 /* VIDEO24.mp4 */,
				1FF698AF2B3B0340007ED8E2 /* VIDEO30.mp4 */,
				1FF698B02B3B0340007ED8E2 /* VIDEO19.mp4 */,
				1FF698B12B3B0340007ED8E2 /* VIDEO25.mp4 */,
				1FF698B22B3B0340007ED8E2 /* VIDEO21.mp4 */,
				1FF698B32B3B0340007ED8E2 /* VIDEO20.mp4 */,
				1FF698B42B3B0340007ED8E2 /* VIDEO22.mp4 */,
				1FF698B52B3B0340007ED8E2 /* VIDEO23.MP4 */,
			);
			path = Video;
			sourceTree = "<group>";
		};
/* End PBXGroup section */

/* Begin PBXNativeTarget section */
		1F345F912B1E27230027A891 /* LampaFridge */ = {
			isa = PBXNativeTarget;
			buildConfigurationList = 1F345FA62B1E27250027A891 /* Build configuration list for PBXNativeTarget "LampaFridge" */;
			buildPhases = (
				1F345F8E2B1E27230027A891 /* Sources */,
				1F345F8F2B1E27230027A891 /* Frameworks */,
				1F345F902B1E27230027A891 /* Resources */,
			);
			buildRules = (
			);
			dependencies = (
			);
			name = LampaFridge;
			productName = LampaFridge;
			productReference = 1F345F922B1E27230027A891 /* LampaFridge.app */;
			productType = "com.apple.product-type.application";
		};
/* End PBXNativeTarget section */

/* Begin PBXProject section */
		1F345F8A2B1E27230027A891 /* Project object */ = {
			isa = PBXProject;
			attributes = {
				BuildIndependentTargetsInParallel = 1;
				LastSwiftUpdateCheck = 1500;
				LastUpgradeCheck = 1500;
				TargetAttributes = {
					1F345F912B1E27230027A891 = {
						CreatedOnToolsVersion = 15.0;
					};
				};
			};
			buildConfigurationList = 1F345F8D2B1E27230027A891 /* Build configuration list for PBXProject "LampaFridge" */;
			compatibilityVersion = "Xcode 14.0";
			developmentRegion = en;
			hasScannedForEncodings = 0;
			knownRegions = (
				en,
				Base,
			);
			mainGroup = 1F345F892B1E27230027A891;
			productRefGroup = 1F345F932B1E27230027A891 /* Products */;
			projectDirPath = "";
			projectRoot = "";
			targets = (
				1F345F912B1E27230027A891 /* LampaFridge */,
			);
		};
/* End PBXProject section */

/* Begin PBXResourcesBuildPhase section */
		1F345F902B1E27230027A891 /* Resources */ = {
			isa = PBXResourcesBuildPhase;
			buildActionMask = 2147483647;
			files = (
				1FF698D42B3B0340007ED8E2 /* VIDEO23.MP4 in Resources */,
				1FF698C12B3B0340007ED8E2 /* VIDEO6.mp4 in Resources */,
				1F345FA22B1E27250027A891 /* LaunchScreen.storyboard in Resources */,
				1FF698C42B3B0340007ED8E2 /* VIDEO4.mp4 in Resources */,
				1FF698C72B3B0340007ED8E2 /* VIDEO3.mp4 in Resources */,
				1F345FD12B1E28D40027A891 /* art.scnassets in Resources */,
				1FF698BE2B3B0340007ED8E2 /* VIDEO29.mp4 in Resources */,
				1FF6988D2B3B0318007ED8E2 /* RootViewController.storyboard in Resources */,
				1FF698B62B3B0340007ED8E2 /* Localizable.strings in Resources */,
				1FF698BC2B3B0340007ED8E2 /* VIDEO14.mp4 in Resources */,
				1FF698B72B3B0340007ED8E2 /* VIDEO12.mp4 in Resources */,
				1FF698CE2B3B0340007ED8E2 /* VIDEO30.mp4 in Resources */,
				1FF698D22B3B0340007ED8E2 /* VIDEO20.mp4 in Resources */,
				1FF698CF2B3B0340007ED8E2 /* VIDEO19.mp4 in Resources */,
				1FF698CA2B3B0340007ED8E2 /* VIDEO8.mp4 in Resources */,
				1FF698B82B3B0340007ED8E2 /* VIDEO13.mp4 in Resources */,
				1FF698BA2B3B0340007ED8E2 /* VIDEO10.mp4 in Resources */,
				1FF698BF2B3B0340007ED8E2 /* VIDEO17.mp4 in Resources */,
				1FF698932B3B0332007ED8E2 /* Colors.xcassets in Resources */,
				1FF698B92B3B0340007ED8E2 /* VIDEO11.mp4 in Resources */,
				1FF698C02B3B0340007ED8E2 /* VIDEO16.mp4 in Resources */,
				1FF698CD2B3B0340007ED8E2 /* VIDEO24.mp4 in Resources */,
				1FF6988A2B3B0318007ED8E2 /* ARSceneViewController.storyboard in Resources */,
				1FF698CB2B3B0340007ED8E2 /* VIDEO27.mp4 in Resources */,
				1FF698D12B3B0340007ED8E2 /* VIDEO21.mp4 in Resources */,
				1FF698BD2B3B0340007ED8E2 /* VIDEO15.mp4 in Resources */,
				1FF698C62B3B0340007ED8E2 /* VIDEO1.mp4 in Resources */,
				1FF698902B3B032A007ED8E2 /* Assets.xcassets in Resources */,
				1FF698C52B3B0340007ED8E2 /* VIDEO0.mp4 in Resources */,
				1FF698C32B3B0340007ED8E2 /* VIDEO5.mp4 in Resources */,
				1FF698D32B3B0340007ED8E2 /* VIDEO22.mp4 in Resources */,
				1FF698C82B3B0340007ED8E2 /* VIDEO2.mp4 in Resources */,
				1FF698CC2B3B0340007ED8E2 /* VIDEO26.mp4 in Resources */,
				1FF698C92B3B0340007ED8E2 /* VIDEO9.mp4 in Resources */,
				1FF698BB2B3B0340007ED8E2 /* VIDEO28.mp4 in Resources */,
				1FF698C22B3B0340007ED8E2 /* VIDEO7.mp4 in Resources */,
				1FF698D02B3B0340007ED8E2 /* VIDEO25.mp4 in Resources */,
			);
			runOnlyForDeploymentPostprocessing = 0;
		};
/* End PBXResourcesBuildPhase section */

/* Begin PBXSourcesBuildPhase section */
		1F345F8E2B1E27230027A891 /* Sources */ = {
			isa = PBXSourcesBuildPhase;
			buildActionMask = 2147483647;
			files = (
				1FF6987F2B3B030B007ED8E2 /* Constants.swift in Sources */,
				1FF6988B2B3B0318007ED8E2 /* ARSceneViewController.swift in Sources */,
				1FF6987C2B3B030B007ED8E2 /* NSMutableAttributedString.swift in Sources */,
				1FF6987E2B3B030B007ED8E2 /* ScreenNode.swift in Sources */,
				1FF6987B2B3B030B007ED8E2 /* AppDelegate.swift in Sources */,
				1FF6987D2B3B030B007ED8E2 /* Extention+ViewController.swift in Sources */,
				1FF6988C2B3B0318007ED8E2 /* RootViewController.swift in Sources */,
				1FF698822B3B0312007ED8E2 /* VideoNodeManager.swift in Sources */,
			);
			runOnlyForDeploymentPostprocessing = 0;
		};
/* End PBXSourcesBuildPhase section */

/* Begin PBXVariantGroup section */
		1F345FA02B1E27250027A891 /* LaunchScreen.storyboard */ = {
			isa = PBXVariantGroup;
			children = (
				1F345FA12B1E27250027A891 /* Base */,
			);
			name = LaunchScreen.storyboard;
			sourceTree = "<group>";
		};
		1FF698952B3B033F007ED8E2 /* Localizable.strings */ = {
			isa = PBXVariantGroup;
			children = (
				1FF698962B3B033F007ED8E2 /* en */,
			);
			name = Localizable.strings;
			sourceTree = "<group>";
		};
/* End PBXVariantGroup section */

/* Begin XCBuildConfiguration section */
		1F345FA42B1E27250027A891 /* Debug */ = {
			isa = XCBuildConfiguration;
			buildSettings = {
				ALWAYS_SEARCH_USER_PATHS = NO;
				ASSETCATALOG_COMPILER_GENERATE_SWIFT_ASSET_SYMBOL_EXTENSIONS = YES;
				CLANG_ANALYZER_NONNULL = YES;
				CLANG_ANALYZER_NUMBER_OBJECT_CONVERSION = YES_AGGRESSIVE;
				CLANG_CXX_LANGUAGE_STANDARD = "gnu++20";
				CLANG_ENABLE_MODULES = YES;
				CLANG_ENABLE_OBJC_ARC = YES;
				CLANG_ENABLE_OBJC_WEAK = YES;
				CLANG_WARN_BLOCK_CAPTURE_AUTORELEASING = YES;
				CLANG_WARN_BOOL_CONVERSION = YES;
				CLANG_WARN_COMMA = YES;
				CLANG_WARN_CONSTANT_CONVERSION = YES;
				CLANG_WARN_DEPRECATED_OBJC_IMPLEMENTATIONS = YES;
				CLANG_WARN_DIRECT_OBJC_ISA_USAGE = YES_ERROR;
				CLANG_WARN_DOCUMENTATION_COMMENTS = YES;
				CLANG_WARN_EMPTY_BODY = YES;
				CLANG_WARN_ENUM_CONVERSION = YES;
				CLANG_WARN_INFINITE_RECURSION = YES;
				CLANG_WARN_INT_CONVERSION = YES;
				CLANG_WARN_NON_LITERAL_NULL_CONVERSION = YES;
				CLANG_WARN_OBJC_IMPLICIT_RETAIN_SELF = YES;
				CLANG_WARN_OBJC_LITERAL_CONVERSION = YES;
				CLANG_WARN_OBJC_ROOT_CLASS = YES_ERROR;
				CLANG_WARN_QUOTED_INCLUDE_IN_FRAMEWORK_HEADER = YES;
				CLANG_WARN_RANGE_LOOP_ANALYSIS = YES;
				CLANG_WARN_STRICT_PROTOTYPES = YES;
				CLANG_WARN_SUSPICIOUS_MOVE = YES;
				CLANG_WARN_UNGUARDED_AVAILABILITY = YES_AGGRESSIVE;
				CLANG_WARN_UNREACHABLE_CODE = YES;
				CLANG_WARN__DUPLICATE_METHOD_MATCH = YES;
				COPY_PHASE_STRIP = NO;
				DEBUG_INFORMATION_FORMAT = dwarf;
				ENABLE_STRICT_OBJC_MSGSEND = YES;
				ENABLE_TESTABILITY = YES;
				ENABLE_USER_SCRIPT_SANDBOXING = YES;
				GCC_C_LANGUAGE_STANDARD = gnu17;
				GCC_DYNAMIC_NO_PIC = NO;
				GCC_NO_COMMON_BLOCKS = YES;
				GCC_OPTIMIZATION_LEVEL = 0;
				GCC_PREPROCESSOR_DEFINITIONS = (
					"DEBUG=1",
					"$(inherited)",
				);
				GCC_WARN_64_TO_32_BIT_CONVERSION = YES;
				GCC_WARN_ABOUT_RETURN_TYPE = YES_ERROR;
				GCC_WARN_UNDECLARED_SELECTOR = YES;
				GCC_WARN_UNINITIALIZED_AUTOS = YES_AGGRESSIVE;
				GCC_WARN_UNUSED_FUNCTION = YES;
				GCC_WARN_UNUSED_VARIABLE = YES;
				IPHONEOS_DEPLOYMENT_TARGET = 15.0;
				LOCALIZATION_PREFERS_STRING_CATALOGS = YES;
				MTL_ENABLE_DEBUG_INFO = INCLUDE_SOURCE;
				MTL_FAST_MATH = YES;
				ONLY_ACTIVE_ARCH = YES;
				SDKROOT = iphoneos;
				SWIFT_ACTIVE_COMPILATION_CONDITIONS = "DEBUG $(inherited)";
				SWIFT_OPTIMIZATION_LEVEL = "-Onone";
			};
			name = Debug;
		};
		1F345FA52B1E27250027A891 /* Release */ = {
			isa = XCBuildConfiguration;
			buildSettings = {
				ALWAYS_SEARCH_USER_PATHS = NO;
				ASSETCATALOG_COMPILER_GENERATE_SWIFT_ASSET_SYMBOL_EXTENSIONS = YES;
				CLANG_ANALYZER_NONNULL = YES;
				CLANG_ANALYZER_NUMBER_OBJECT_CONVERSION = YES_AGGRESSIVE;
				CLANG_CXX_LANGUAGE_STANDARD = "gnu++20";
				CLANG_ENABLE_MODULES = YES;
				CLANG_ENABLE_OBJC_ARC = YES;
				CLANG_ENABLE_OBJC_WEAK = YES;
				CLANG_WARN_BLOCK_CAPTURE_AUTORELEASING = YES;
				CLANG_WARN_BOOL_CONVERSION = YES;
				CLANG_WARN_COMMA = YES;
				CLANG_WARN_CONSTANT_CONVERSION = YES;
				CLANG_WARN_DEPRECATED_OBJC_IMPLEMENTATIONS = YES;
				CLANG_WARN_DIRECT_OBJC_ISA_USAGE = YES_ERROR;
				CLANG_WARN_DOCUMENTATION_COMMENTS = YES;
				CLANG_WARN_EMPTY_BODY = YES;
				CLANG_WARN_ENUM_CONVERSION = YES;
				CLANG_WARN_INFINITE_RECURSION = YES;
				CLANG_WARN_INT_CONVERSION = YES;
				CLANG_WARN_NON_LITERAL_NULL_CONVERSION = YES;
				CLANG_WARN_OBJC_IMPLICIT_RETAIN_SELF = YES;
				CLANG_WARN_OBJC_LITERAL_CONVERSION = YES;
				CLANG_WARN_OBJC_ROOT_CLASS = YES_ERROR;
				CLANG_WARN_QUOTED_INCLUDE_IN_FRAMEWORK_HEADER = YES;
				CLANG_WARN_RANGE_LOOP_ANALYSIS = YES;
				CLANG_WARN_STRICT_PROTOTYPES = YES;
				CLANG_WARN_SUSPICIOUS_MOVE = YES;
				CLANG_WARN_UNGUARDED_AVAILABILITY = YES_AGGRESSIVE;
				CLANG_WARN_UNREACHABLE_CODE = YES;
				CLANG_WARN__DUPLICATE_METHOD_MATCH = YES;
				COPY_PHASE_STRIP = NO;
				DEBUG_INFORMATION_FORMAT = "dwarf-with-dsym";
				ENABLE_NS_ASSERTIONS = NO;
				ENABLE_STRICT_OBJC_MSGSEND = YES;
				ENABLE_USER_SCRIPT_SANDBOXING = YES;
				GCC_C_LANGUAGE_STANDARD = gnu17;
				GCC_NO_COMMON_BLOCKS = YES;
				GCC_WARN_64_TO_32_BIT_CONVERSION = YES;
				GCC_WARN_ABOUT_RETURN_TYPE = YES_ERROR;
				GCC_WARN_UNDECLARED_SELECTOR = YES;
				GCC_WARN_UNINITIALIZED_AUTOS = YES_AGGRESSIVE;
				GCC_WARN_UNUSED_FUNCTION = YES;
				GCC_WARN_UNUSED_VARIABLE = YES;
				IPHONEOS_DEPLOYMENT_TARGET = 15.0;
				LOCALIZATION_PREFERS_STRING_CATALOGS = YES;
				MTL_ENABLE_DEBUG_INFO = NO;
				MTL_FAST_MATH = YES;
				SDKROOT = iphoneos;
				SWIFT_COMPILATION_MODE = wholemodule;
				VALIDATE_PRODUCT = YES;
			};
			name = Release;
		};
		1F345FA72B1E27250027A891 /* Debug */ = {
			isa = XCBuildConfiguration;
			buildSettings = {
				ASSETCATALOG_COMPILER_APPICON_NAME = AppIcon;
				ASSETCATALOG_COMPILER_GLOBAL_ACCENT_COLOR_NAME = AccentColor;
				CODE_SIGN_STYLE = Automatic;
				CURRENT_PROJECT_VERSION = 7;
				DEVELOPMENT_TEAM = W73G89PCSD;
				GENERATE_INFOPLIST_FILE = YES;
				INFOPLIST_FILE = LampaFridge/Resources/Info.plist;
				INFOPLIST_KEY_CFBundleDisplayName = "Fridge Photos";
				INFOPLIST_KEY_NSCameraUsageDescription = "";
				INFOPLIST_KEY_UIApplicationSupportsIndirectInputEvents = YES;
				INFOPLIST_KEY_UILaunchStoryboardName = LaunchScreen;
				INFOPLIST_KEY_UIMainStoryboardFile = RootViewController;
				INFOPLIST_KEY_UISupportedInterfaceOrientations = UIInterfaceOrientationPortrait;
				INFOPLIST_KEY_UISupportedInterfaceOrientations_iPad = "UIInterfaceOrientationLandscapeLeft UIInterfaceOrientationLandscapeRight UIInterfaceOrientationPortrait UIInterfaceOrientationPortraitUpsideDown";
				LD_RUNPATH_SEARCH_PATHS = (
					"$(inherited)",
					"@executable_path/Frameworks",
				);
				MARKETING_VERSION = 1.0;
				PRODUCT_BUNDLE_IDENTIFIER = com.lampa.fridgephotos;
				PRODUCT_NAME = "$(TARGET_NAME)";
				SWIFT_EMIT_LOC_STRINGS = YES;
				SWIFT_VERSION = 5.0;
				TARGETED_DEVICE_FAMILY = "1,2";
			};
			name = Debug;
		};
		1F345FA82B1E27250027A891 /* Release */ = {
			isa = XCBuildConfiguration;
			buildSettings = {
				ASSETCATALOG_COMPILER_APPICON_NAME = AppIcon;
				ASSETCATALOG_COMPILER_GLOBAL_ACCENT_COLOR_NAME = AccentColor;
				CODE_SIGN_STYLE = Automatic;
				CURRENT_PROJECT_VERSION = 7;
				DEVELOPMENT_TEAM = W73G89PCSD;
				GENERATE_INFOPLIST_FILE = YES;
				INFOPLIST_FILE = LampaFridge/Resources/Info.plist;
				INFOPLIST_KEY_CFBundleDisplayName = "Fridge Photos";
				INFOPLIST_KEY_NSCameraUsageDescription = "";
				INFOPLIST_KEY_UIApplicationSupportsIndirectInputEvents = YES;
				INFOPLIST_KEY_UILaunchStoryboardName = LaunchScreen;
				INFOPLIST_KEY_UIMainStoryboardFile = RootViewController;
				INFOPLIST_KEY_UISupportedInterfaceOrientations = UIInterfaceOrientationPortrait;
				INFOPLIST_KEY_UISupportedInterfaceOrientations_iPad = "UIInterfaceOrientationLandscapeLeft UIInterfaceOrientationLandscapeRight UIInterfaceOrientationPortrait UIInterfaceOrientationPortraitUpsideDown";
				LD_RUNPATH_SEARCH_PATHS = (
					"$(inherited)",
					"@executable_path/Frameworks",
				);
				MARKETING_VERSION = 1.0;
				PRODUCT_BUNDLE_IDENTIFIER = com.lampa.fridgephotos;
				PRODUCT_NAME = "$(TARGET_NAME)";
				SWIFT_EMIT_LOC_STRINGS = YES;
				SWIFT_VERSION = 5.0;
				TARGETED_DEVICE_FAMILY = "1,2";
			};
			name = Release;
		};
/* End XCBuildConfiguration section */

/* Begin XCConfigurationList section */
		1F345F8D2B1E27230027A891 /* Build configuration list for PBXProject "LampaFridge" */ = {
			isa = XCConfigurationList;
			buildConfigurations = (
				1F345FA42B1E27250027A891 /* Debug */,
				1F345FA52B1E27250027A891 /* Release */,
			);
			defaultConfigurationIsVisible = 0;
			defaultConfigurationName = Release;
		};
		1F345FA62B1E27250027A891 /* Build configuration list for PBXNativeTarget "LampaFridge" */ = {
			isa = XCConfigurationList;
			buildConfigurations = (
				1F345FA72B1E27250027A891 /* Debug */,
				1F345FA82B1E27250027A891 /* Release */,
			);
			defaultConfigurationIsVisible = 0;
			defaultConfigurationName = Release;
		};
/* End XCConfigurationList section */
	};
	rootObject = 1F345F8A2B1E27230027A891 /* Project object */;
}
